
Microsoft Visual Studio Solution File, Format Version 12.00
# Visual Studio Version 17
VisualStudioVersion = 17.1.32228.430
MinimumVisualStudioVersion = 10.0.40219.1
Project("{54A90642-561A-4BB1-A94E-469ADEE60C69}") = "holamundo_visualstudio", "holamundo_visualstudio\holamundo_visualstudio.esproj", "{CD7B0632-4934-4ADB-8B6F-5EBE4BF54C6E}"
EndProject
Global
	GlobalSection(SolutionConfigurationPlatforms) = preSolution
		Debug|Any CPU = Debug|Any CPU
		Release|Any CPU = Release|Any CPU
	EndGlobalSection
	GlobalSection(ProjectConfigurationPlatforms) = postSolution
		{CD7B0632-4934-4ADB-8B6F-5EBE4BF54C6E}.Debug|Any CPU.ActiveCfg = Debug|Any CPU
		{CD7B0632-4934-4ADB-8B6F-5EBE4BF54C6E}.Debug|Any CPU.Build.0 = Debug|Any CPU
		{CD7B0632-4934-4ADB-8B6F-5EBE4BF54C6E}.Debug|Any CPU.Deploy.0 = Debug|Any CPU
		{CD7B0632-4934-4ADB-8B6F-5EBE4BF54C6E}.Release|Any CPU.ActiveCfg = Release|Any CPU
		{CD7B0632-4934-4ADB-8B6F-5EBE4BF54C6E}.Release|Any CPU.Build.0 = Release|Any CPU
		{CD7B0632-4934-4ADB-8B6F-5EBE4BF54C6E}.Release|Any CPU.Deploy.0 = Release|Any CPU
	EndGlobalSection
	GlobalSection(SolutionProperties) = preSolution
		HideSolutionNode = FALSE
	EndGlobalSection
	GlobalSection(ExtensibilityGlobals) = postSolution
		SolutionGuid = {1A70D3AB-B676-4C74-A8F5-6AD4F392C079}
	EndGlobalSection
EndGlobal
